
Microsoft Visual Studio Solution File, Format Version 12.00
# Visual Studio Version 16
VisualStudioVersion = 16.0.32407.337
MinimumVisualStudioVersion = 10.0.40219.1
Project("{FAE04EC0-301F-11D3-BF4B-00C04F79EFBC}") = "LearnChatBoot", "LearnChatBoot\LearnChatBoot.csproj", "{1B03092C-7226-4C43-B600-C986F913B6CE}"
EndProject
Global
	GlobalSection(SolutionConfigurationPlatforms) = preSolution
		Debug|Any CPU = Debug|Any CPU
		Release|Any CPU = Release|Any CPU
	EndGlobalSection
	GlobalSection(ProjectConfigurationPlatforms) = postSolution
		{1B03092C-7226-4C43-B600-C986F913B6CE}.Debug|Any CPU.ActiveCfg = Debug|Any CPU
		{1B03092C-7226-4C43-B600-C986F913B6CE}.Debug|Any CPU.Build.0 = Debug|Any CPU
		{1B03092C-7226-4C43-B600-C986F913B6CE}.Release|Any CPU.ActiveCfg = Release|Any CPU
		{1B03092C-7226-4C43-B600-C986F913B6CE}.Release|Any CPU.Build.0 = Release|Any CPU
	EndGlobalSection
	GlobalSection(SolutionProperties) = preSolution
		HideSolutionNode = FALSE
	EndGlobalSection
	GlobalSection(ExtensibilityGlobals) = postSolution
		SolutionGuid = {6734FC04-52F1-4857-8885-6FE7C92C199E}
	EndGlobalSection
EndGlobal
